
Microsoft Visual Studio Solution File, Format Version 12.00
# Visual Studio Version 17
VisualStudioVersion = 17.2.32516.85
MinimumVisualStudioVersion = 10.0.40219.1
Project("{FAE04EC0-301F-11D3-BF4B-00C04F79EFBC}") = "Exercises4", "Exercises4\Exercises4.csproj", "{77EF264B-EA4A-434E-A75F-B6CDAA2C2909}"
EndProject
Global
	GlobalSection(SolutionConfigurationPlatforms) = preSolution
		Debug|Any CPU = Debug|Any CPU
		Release|Any CPU = Release|Any CPU
	EndGlobalSection
	GlobalSection(ProjectConfigurationPlatforms) = postSolution
		{77EF264B-EA4A-434E-A75F-B6CDAA2C2909}.Debug|Any CPU.ActiveCfg = Debug|Any CPU
		{77EF264B-EA4A-434E-A75F-B6CDAA2C2909}.Debug|Any CPU.Build.0 = Debug|Any CPU
		{77EF264B-EA4A-434E-A75F-B6CDAA2C2909}.Release|Any CPU.ActiveCfg = Release|Any CPU
		{77EF264B-EA4A-434E-A75F-B6CDAA2C2909}.Release|Any CPU.Build.0 = Release|Any CPU
	EndGlobalSection
	GlobalSection(SolutionProperties) = preSolution
		HideSolutionNode = FALSE
	EndGlobalSection
	GlobalSection(ExtensibilityGlobals) = postSolution
		SolutionGuid = {E357D80E-FF1E-47DE-A797-F8C9C11E9A7F}
	EndGlobalSection
EndGlobal
